
Microsoft Visual Studio Solution File, Format Version 12.00
# Visual Studio Version 16
VisualStudioVersion = 16.0.29009.5
MinimumVisualStudioVersion = 10.0.40219.1
Project("{FAE04EC0-301F-11D3-BF4B-00C04F79EFBC}") = "Carson.Cli", "Carson.Cli\Carson.Cli.csproj", "{DE54470E-59A6-418F-B826-9411169CF57E}"
EndProject
Global
	GlobalSection(SolutionConfigurationPlatforms) = preSolution
		Debug|Any CPU = Debug|Any CPU
		Release|Any CPU = Release|Any CPU
	EndGlobalSection
	GlobalSection(ProjectConfigurationPlatforms) = postSolution
		{DE54470E-59A6-418F-B826-9411169CF57E}.Debug|Any CPU.ActiveCfg = Debug|Any CPU
		{DE54470E-59A6-418F-B826-9411169CF57E}.Debug|Any CPU.Build.0 = Debug|Any CPU
		{DE54470E-59A6-418F-B826-9411169CF57E}.Release|Any CPU.ActiveCfg = Release|Any CPU
		{DE54470E-59A6-418F-B826-9411169CF57E}.Release|Any CPU.Build.0 = Release|Any CPU
	EndGlobalSection
	GlobalSection(SolutionProperties) = preSolution
		HideSolutionNode = FALSE
	EndGlobalSection
	GlobalSection(ExtensibilityGlobals) = postSolution
		SolutionGuid = {FEE481B2-EACA-4533-BCC2-016F8C843946}
	EndGlobalSection
EndGlobal
